
Microsoft Visual Studio Solution File, Format Version 12.00
# Visual Studio Version 17
VisualStudioVersion = 17.0.32112.339
MinimumVisualStudioVersion = 10.0.40219.1
Project("{2150E333-8FDC-42A3-9474-1A3956D46DE8}") = "src", "src", "{5CD43197-AFCA-4FEA-9740-0B87C7342209}"
EndProject
Project("{9A19103F-16F7-4668-BE54-9A1E7A4F7556}") = "Sprite.Core", "src\Sprite.Core\Sprite.Core.csproj", "{230472F8-4215-4A9B-AED7-D4E30BFF697E}"
EndProject
Project("{2150E333-8FDC-42A3-9474-1A3956D46DE8}") = "test", "test", "{F3DE9974-7F30-4081-A531-B425E0F21DF3}"
EndProject
Project("{9A19103F-16F7-4668-BE54-9A1E7A4F7556}") = "Sprite.DependencyInjection.Stashbox", "src\Sprite.DependencyInjection.Stashbox\Sprite.DependencyInjection.Stashbox.csproj", "{7F189B13-FF8B-4AEA-A6F2-5150FB07C3D8}"
EndProject
Project("{9A19103F-16F7-4668-BE54-9A1E7A4F7556}") = "Sprite.AspNetCore", "src\Sprite.AspNetCore\Sprite.AspNetCore.csproj", "{CA498C1E-6E3B-49B2-929C-C95CF0F0EB51}"
EndProject
Project("{9A19103F-16F7-4668-BE54-9A1E7A4F7556}") = "Sprite.AspNetCore.Mvc", "src\Sprite.AspNetCore.Mvc\Sprite.AspNetCore.Mvc.csproj", "{8AB724DE-4FBA-44D7-9B9C-A850D20C35F1}"
EndProject
Project("{9A19103F-16F7-4668-BE54-9A1E7A4F7556}") = "Sprite.Swashbuckle.AspNetCore", "src\Sprite.Swashbuckle.AspNetCore\Sprite.Swashbuckle.AspNetCore.csproj", "{67CD9FC1-689A-4EA7-AA06-41DB1DA1DEAB}"
EndProject
Project("{9A19103F-16F7-4668-BE54-9A1E7A4F7556}") = "Sprite.Web.Common", "src\Sprite.Web.Common\Sprite.Web.Common.csproj", "{59232661-D377-4897-8C5B-99901A9E761A}"
EndProject
Project("{9A19103F-16F7-4668-BE54-9A1E7A4F7556}") = "Sprite.Castle.Core", "src\Sprite.Castle.Core\Sprite.Castle.Core.csproj", "{F1F6FC3C-CBF5-4A53-BDDB-118525D9B877}"
EndProject
Project("{9A19103F-16F7-4668-BE54-9A1E7A4F7556}") = "Sprite.DependencyInjection.DryIoc", "src\Sprite.DependencyInjection.DryIoc\Sprite.DependencyInjection.DryIoc.csproj", "{35BD7093-7C05-40DD-9184-32B860505A3F}"
EndProject
Project("{9A19103F-16F7-4668-BE54-9A1E7A4F7556}") = "Sprite.ObjectMapping.Mapster", "src\Sprite.ObjectMapping.Mapster\Sprite.ObjectMapping.Mapster.csproj", "{64298804-366D-4AA1-A988-A4D4A366033A}"
EndProject
Project("{9A19103F-16F7-4668-BE54-9A1E7A4F7556}") = "Sprite.Data", "src\Sprite.Data\Sprite.Data.csproj", "{3D1E78E5-9652-4147-9AF6-87F2B287E879}"
EndProject
Project("{9A19103F-16F7-4668-BE54-9A1E7A4F7556}") = "Sprite.Data.EntityFrameworkCore", "src\Sprite.Data.EntityFrameworkCore\Sprite.Data.EntityFrameworkCore.csproj", "{A62AD60E-725C-4A6A-85B7-018A67DDB159}"
EndProject
Project("{9A19103F-16F7-4668-BE54-9A1E7A4F7556}") = "Sprite.Security", "src\Sprite.Security\Sprite.Security.csproj", "{C5C7C4B6-E4DC-4B1E-8E03-D9B258BFDA7C}"
EndProject
Project("{9A19103F-16F7-4668-BE54-9A1E7A4F7556}") = "Sprite.Caching", "src\Sprite.Caching\Sprite.Caching.csproj", "{1B36F830-3730-42D8-8FE8-651EF65F84CD}"
EndProject
Project("{9A19103F-16F7-4668-BE54-9A1E7A4F7556}") = "Sprite.Security.Abstractions", "src\Sprite.Security.Abstractions\Sprite.Security.Abstractions.csproj", "{0CE1A71E-3A9E-416D-8EF3-503C295D4645}"
EndProject
Project("{9A19103F-16F7-4668-BE54-9A1E7A4F7556}") = "Sprite.MultiTenancy", "src\Sprite.MultiTenancy\Sprite.MultiTenancy.csproj", "{3462E74B-5ECF-4C37-9496-6B532DFA6009}"
EndProject
Project("{9A19103F-16F7-4668-BE54-9A1E7A4F7556}") = "Sprite.Security.OpenIdConnect", "src\Sprite.Security.OpenIdConnect\Sprite.Security.OpenIdConnect.csproj", "{C6818B09-965C-463A-BFFB-BD0F2BBDC297}"
EndProject
Project("{9A19103F-16F7-4668-BE54-9A1E7A4F7556}") = "Sprite.Security.OpenIdConnect.EntityFrameworkCore", "src\Sprite.Security.OpenIdConnect.EntityFrameworkCore\Sprite.Security.OpenIdConnect.EntityFrameworkCore.csproj", "{D631F677-B224-4944-B65C-F57B788E85E5}"
EndProject
Project("{9A19103F-16F7-4668-BE54-9A1E7A4F7556}") = "Sprite.UidGenerator", "src\Sprite.UidGenerator\Sprite.UidGenerator.csproj", "{0F1CB5FA-2D1D-41F7-918A-1862B6B32C5C}"
EndProject
Project("{9A19103F-16F7-4668-BE54-9A1E7A4F7556}") = "Sprite.Data.Common", "src\Sprite.Data.Common\Sprite.Data.Common.csproj", "{2F8CDC0D-BC35-4B69-AE88-D762F218E53F}"
EndProject
Project("{9A19103F-16F7-4668-BE54-9A1E7A4F7556}") = "Sprite.Auditing", "src\Sprite.Auditing\Sprite.Auditing.csproj", "{9AD37582-4911-4801-B504-31E0CD5A84BE}"
EndProject
Project("{9A19103F-16F7-4668-BE54-9A1E7A4F7556}") = "Sprite.Tests", "src\Sprite.Tests\Sprite.Tests.csproj", "{694E9CBA-9FBF-44C5-A686-C99B19A969FE}"
EndProject
Project("{9A19103F-16F7-4668-BE54-9A1E7A4F7556}") = "Sprite.Core.Tests", "test\Sprite.Core.Tests\Sprite.Core.Tests.csproj", "{75083AB4-9472-4D46-BD53-914CFCEB3379}"
EndProject
Project("{9A19103F-16F7-4668-BE54-9A1E7A4F7556}") = "CommonTests", "test\CommonTests\CommonTests.csproj", "{151050EB-7FDD-4E42-B72D-51D40DDE1C7F}"
EndProject
Project("{9A19103F-16F7-4668-BE54-9A1E7A4F7556}") = "Sprite.DependencyInjection.DryIoc.Tests", "test\Sprite.DependencyInjection.DryIoc.Tests\Sprite.DependencyInjection.DryIoc.Tests.csproj", "{91F3DEDB-58F8-4ED4-BEB0-06BFD310B069}"
EndProject
Project("{9A19103F-16F7-4668-BE54-9A1E7A4F7556}") = "Sprite.ObjectMapping.Mapster.Tests", "test\Sprite.ObjectMapping.Mapster.Tests\Sprite.ObjectMapping.Mapster.Tests.csproj", "{FE3B2594-0C05-4254-9628-FD4A9CCC3EA3}"
EndProject
Project("{9A19103F-16F7-4668-BE54-9A1E7A4F7556}") = "Sprite.Data.Tests", "test\Sprite.Data.Tests\Sprite.Data.Tests.csproj", "{8559BECF-038F-4E5F-ABA3-D873D57B52EB}"
EndProject
Project("{9A19103F-16F7-4668-BE54-9A1E7A4F7556}") = "Sprite.Data.Common.Tests", "test\Sprite.Data.Common.Tests\Sprite.Data.Common.Tests.csproj", "{948048A5-598B-493E-BA10-5C22570802D1}"
EndProject
Project("{9A19103F-16F7-4668-BE54-9A1E7A4F7556}") = "Sprite.DependencyInjection.Grace", "src\Sprite.DependencyInjection.Grace\Sprite.DependencyInjection.Grace.csproj", "{6D625DF0-A187-4DC6-8C98-F4F46AE85F94}"
EndProject
Project("{9A19103F-16F7-4668-BE54-9A1E7A4F7556}") = "Sprite.Audting.Tests", "test\Sprite.Audting.Tests\Sprite.Audting.Tests.csproj", "{FA517E42-1875-4E01-B417-E49BA3719C99}"
EndProject
Project("{9A19103F-16F7-4668-BE54-9A1E7A4F7556}") = "Sprite.UI", "src\Sprite.UI\Sprite.UI.csproj", "{8F44F6F5-6A70-4FB3-9CCE-6552690D188A}"
EndProject
Project("{9A19103F-16F7-4668-BE54-9A1E7A4F7556}") = "Sprite.UI.Navigation", "src\Sprite.UI.Navigation\Sprite.UI.Navigation.csproj", "{F492B076-71E7-4C20-8E15-527DC189784C}"
EndProject
Global
	GlobalSection(SolutionConfigurationPlatforms) = preSolution
		Debug|Any CPU = Debug|Any CPU
		Release|Any CPU = Release|Any CPU
	EndGlobalSection
	GlobalSection(ProjectConfigurationPlatforms) = postSolution
		{230472F8-4215-4A9B-AED7-D4E30BFF697E}.Debug|Any CPU.ActiveCfg = Debug|Any CPU
		{230472F8-4215-4A9B-AED7-D4E30BFF697E}.Debug|Any CPU.Build.0 = Debug|Any CPU
		{230472F8-4215-4A9B-AED7-D4E30BFF697E}.Release|Any CPU.ActiveCfg = Release|Any CPU
		{230472F8-4215-4A9B-AED7-D4E30BFF697E}.Release|Any CPU.Build.0 = Release|Any CPU
		{7F189B13-FF8B-4AEA-A6F2-5150FB07C3D8}.Debug|Any CPU.ActiveCfg = Debug|Any CPU
		{7F189B13-FF8B-4AEA-A6F2-5150FB07C3D8}.Debug|Any CPU.Build.0 = Debug|Any CPU
		{7F189B13-FF8B-4AEA-A6F2-5150FB07C3D8}.Release|Any CPU.ActiveCfg = Release|Any CPU
		{7F189B13-FF8B-4AEA-A6F2-5150FB07C3D8}.Release|Any CPU.Build.0 = Release|Any CPU
		{CA498C1E-6E3B-49B2-929C-C95CF0F0EB51}.Debug|Any CPU.ActiveCfg = Debug|Any CPU
		{CA498C1E-6E3B-49B2-929C-C95CF0F0EB51}.Debug|Any CPU.Build.0 = Debug|Any CPU
		{CA498C1E-6E3B-49B2-929C-C95CF0F0EB51}.Release|Any CPU.ActiveCfg = Release|Any CPU
		{CA498C1E-6E3B-49B2-929C-C95CF0F0EB51}.Release|Any CPU.Build.0 = Release|Any CPU
		{8AB724DE-4FBA-44D7-9B9C-A850D20C35F1}.Debug|Any CPU.ActiveCfg = Debug|Any CPU
		{8AB724DE-4FBA-44D7-9B9C-A850D20C35F1}.Debug|Any CPU.Build.0 = Debug|Any CPU
		{8AB724DE-4FBA-44D7-9B9C-A850D20C35F1}.Release|Any CPU.ActiveCfg = Release|Any CPU
		{8AB724DE-4FBA-44D7-9B9C-A850D20C35F1}.Release|Any CPU.Build.0 = Release|Any CPU
		{67CD9FC1-689A-4EA7-AA06-41DB1DA1DEAB}.Debug|Any CPU.ActiveCfg = Debug|Any CPU
		{67CD9FC1-689A-4EA7-AA06-41DB1DA1DEAB}.Debug|Any CPU.Build.0 = Debug|Any CPU
		{67CD9FC1-689A-4EA7-AA06-41DB1DA1DEAB}.Release|Any CPU.ActiveCfg = Release|Any CPU
		{67CD9FC1-689A-4EA7-AA06-41DB1DA1DEAB}.Release|Any CPU.Build.0 = Release|Any CPU
		{59232661-D377-4897-8C5B-99901A9E761A}.Debug|Any CPU.ActiveCfg = Debug|Any CPU
		{59232661-D377-4897-8C5B-99901A9E761A}.Debug|Any CPU.Build.0 = Debug|Any CPU
		{59232661-D377-4897-8C5B-99901A9E761A}.Release|Any CPU.ActiveCfg = Release|Any CPU
		{59232661-D377-4897-8C5B-99901A9E761A}.Release|Any CPU.Build.0 = Release|Any CPU
		{F1F6FC3C-CBF5-4A53-BDDB-118525D9B877}.Debug|Any CPU.ActiveCfg = Debug|Any CPU
		{F1F6FC3C-CBF5-4A53-BDDB-118525D9B877}.Debug|Any CPU.Build.0 = Debug|Any CPU
		{F1F6FC3C-CBF5-4A53-BDDB-118525D9B877}.Release|Any CPU.ActiveCfg = Release|Any CPU
		{F1F6FC3C-CBF5-4A53-BDDB-118525D9B877}.Release|Any CPU.Build.0 = Release|Any CPU
		{35BD7093-7C05-40DD-9184-32B860505A3F}.Debug|Any CPU.ActiveCfg = Debug|Any CPU
		{35BD7093-7C05-40DD-9184-32B860505A3F}.Debug|Any CPU.Build.0 = Debug|Any CPU
		{35BD7093-7C05-40DD-9184-32B860505A3F}.Release|Any CPU.ActiveCfg = Release|Any CPU
		{35BD7093-7C05-40DD-9184-32B860505A3F}.Release|Any CPU.Build.0 = Release|Any CPU
		{64298804-366D-4AA1-A988-A4D4A366033A}.Debug|Any CPU.ActiveCfg = Debug|Any CPU
		{64298804-366D-4AA1-A988-A4D4A366033A}.Debug|Any CPU.Build.0 = Debug|Any CPU
		{64298804-366D-4AA1-A988-A4D4A366033A}.Release|Any CPU.ActiveCfg = Release|Any CPU
		{64298804-366D-4AA1-A988-A4D4A366033A}.Release|Any CPU.Build.0 = Release|Any CPU
		{3D1E78E5-9652-4147-9AF6-87F2B287E879}.Debug|Any CPU.ActiveCfg = Debug|Any CPU
		{3D1E78E5-9652-4147-9AF6-87F2B287E879}.Debug|Any CPU.Build.0 = Debug|Any CPU
		{3D1E78E5-9652-4147-9AF6-87F2B287E879}.Release|Any CPU.ActiveCfg = Release|Any CPU
		{3D1E78E5-9652-4147-9AF6-87F2B287E879}.Release|Any CPU.Build.0 = Release|Any CPU
		{A62AD60E-725C-4A6A-85B7-018A67DDB159}.Debug|Any CPU.ActiveCfg = Debug|Any CPU
		{A62AD60E-725C-4A6A-85B7-018A67DDB159}.Debug|Any CPU.Build.0 = Debug|Any CPU
		{A62AD60E-725C-4A6A-85B7-018A67DDB159}.Release|Any CPU.ActiveCfg = Release|Any CPU
		{A62AD60E-725C-4A6A-85B7-018A67DDB159}.Release|Any CPU.Build.0 = Release|Any CPU
		{C5C7C4B6-E4DC-4B1E-8E03-D9B258BFDA7C}.Debug|Any CPU.ActiveCfg = Debug|Any CPU
		{C5C7C4B6-E4DC-4B1E-8E03-D9B258BFDA7C}.Debug|Any CPU.Build.0 = Debug|Any CPU
		{C5C7C4B6-E4DC-4B1E-8E03-D9B258BFDA7C}.Release|Any CPU.ActiveCfg = Release|Any CPU
		{C5C7C4B6-E4DC-4B1E-8E03-D9B258BFDA7C}.Release|Any CPU.Build.0 = Release|Any CPU
		{1B36F830-3730-42D8-8FE8-651EF65F84CD}.Debug|Any CPU.ActiveCfg = Debug|Any CPU
		{1B36F830-3730-42D8-8FE8-651EF65F84CD}.Debug|Any CPU.Build.0 = Debug|Any CPU
		{1B36F830-3730-42D8-8FE8-651EF65F84CD}.Release|Any CPU.ActiveCfg = Release|Any CPU
		{1B36F830-3730-42D8-8FE8-651EF65F84CD}.Release|Any CPU.Build.0 = Release|Any CPU
		{0CE1A71E-3A9E-416D-8EF3-503C295D4645}.Debug|Any CPU.ActiveCfg = Debug|Any CPU
		{0CE1A71E-3A9E-416D-8EF3-503C295D4645}.Debug|Any CPU.Build.0 = Debug|Any CPU
		{0CE1A71E-3A9E-416D-8EF3-503C295D4645}.Release|Any CPU.ActiveCfg = Release|Any CPU
		{0CE1A71E-3A9E-416D-8EF3-503C295D4645}.Release|Any CPU.Build.0 = Release|Any CPU
		{3462E74B-5ECF-4C37-9496-6B532DFA6009}.Debug|Any CPU.ActiveCfg = Debug|Any CPU
		{3462E74B-5ECF-4C37-9496-6B532DFA6009}.Debug|Any CPU.Build.0 = Debug|Any CPU
		{3462E74B-5ECF-4C37-9496-6B532DFA6009}.Release|Any CPU.ActiveCfg = Release|Any CPU
		{3462E74B-5ECF-4C37-9496-6B532DFA6009}.Release|Any CPU.Build.0 = Release|Any CPU
		{C6818B09-965C-463A-BFFB-BD0F2BBDC297}.Debug|Any CPU.ActiveCfg = Debug|Any CPU
		{C6818B09-965C-463A-BFFB-BD0F2BBDC297}.Debug|Any CPU.Build.0 = Debug|Any CPU
		{C6818B09-965C-463A-BFFB-BD0F2BBDC297}.Release|Any CPU.ActiveCfg = Release|Any CPU
		{C6818B09-965C-463A-BFFB-BD0F2BBDC297}.Release|Any CPU.Build.0 = Release|Any CPU
		{D631F677-B224-4944-B65C-F57B788E85E5}.Debug|Any CPU.ActiveCfg = Debug|Any CPU
		{D631F677-B224-4944-B65C-F57B788E85E5}.Debug|Any CPU.Build.0 = Debug|Any CPU
		{D631F677-B224-4944-B65C-F57B788E85E5}.Release|Any CPU.ActiveCfg = Release|Any CPU
		{D631F677-B224-4944-B65C-F57B788E85E5}.Release|Any CPU.Build.0 = Release|Any CPU
		{0F1CB5FA-2D1D-41F7-918A-1862B6B32C5C}.Debug|Any CPU.ActiveCfg = Debug|Any CPU
		{0F1CB5FA-2D1D-41F7-918A-1862B6B32C5C}.Debug|Any CPU.Build.0 = Debug|Any CPU
		{0F1CB5FA-2D1D-41F7-918A-1862B6B32C5C}.Release|Any CPU.ActiveCfg = Release|Any CPU
		{0F1CB5FA-2D1D-41F7-918A-1862B6B32C5C}.Release|Any CPU.Build.0 = Release|Any CPU
		{2F8CDC0D-BC35-4B69-AE88-D762F218E53F}.Debug|Any CPU.ActiveCfg = Debug|Any CPU
		{2F8CDC0D-BC35-4B69-AE88-D762F218E53F}.Debug|Any CPU.Build.0 = Debug|Any CPU
		{2F8CDC0D-BC35-4B69-AE88-D762F218E53F}.Release|Any CPU.ActiveCfg = Release|Any CPU
		{2F8CDC0D-BC35-4B69-AE88-D762F218E53F}.Release|Any CPU.Build.0 = Release|Any CPU
		{9AD37582-4911-4801-B504-31E0CD5A84BE}.Debug|Any CPU.ActiveCfg = Debug|Any CPU
		{9AD37582-4911-4801-B504-31E0CD5A84BE}.Debug|Any CPU.Build.0 = Debug|Any CPU
		{9AD37582-4911-4801-B504-31E0CD5A84BE}.Release|Any CPU.ActiveCfg = Release|Any CPU
		{9AD37582-4911-4801-B504-31E0CD5A84BE}.Release|Any CPU.Build.0 = Release|Any CPU
		{694E9CBA-9FBF-44C5-A686-C99B19A969FE}.Debug|Any CPU.ActiveCfg = Debug|Any CPU
		{694E9CBA-9FBF-44C5-A686-C99B19A969FE}.Debug|Any CPU.Build.0 = Debug|Any CPU
		{694E9CBA-9FBF-44C5-A686-C99B19A969FE}.Release|Any CPU.ActiveCfg = Release|Any CPU
		{694E9CBA-9FBF-44C5-A686-C99B19A969FE}.Release|Any CPU.Build.0 = Release|Any CPU
		{75083AB4-9472-4D46-BD53-914CFCEB3379}.Debug|Any CPU.ActiveCfg = Debug|Any CPU
		{75083AB4-9472-4D46-BD53-914CFCEB3379}.Debug|Any CPU.Build.0 = Debug|Any CPU
		{75083AB4-9472-4D46-BD53-914CFCEB3379}.Release|Any CPU.ActiveCfg = Release|Any CPU
		{75083AB4-9472-4D46-BD53-914CFCEB3379}.Release|Any CPU.Build.0 = Release|Any CPU
		{151050EB-7FDD-4E42-B72D-51D40DDE1C7F}.Debug|Any CPU.ActiveCfg = Debug|Any CPU
		{151050EB-7FDD-4E42-B72D-51D40DDE1C7F}.Debug|Any CPU.Build.0 = Debug|Any CPU
		{151050EB-7FDD-4E42-B72D-51D40DDE1C7F}.Release|Any CPU.ActiveCfg = Release|Any CPU
		{151050EB-7FDD-4E42-B72D-51D40DDE1C7F}.Release|Any CPU.Build.0 = Release|Any CPU
		{91F3DEDB-58F8-4ED4-BEB0-06BFD310B069}.Debug|Any CPU.ActiveCfg = Debug|Any CPU
		{91F3DEDB-58F8-4ED4-BEB0-06BFD310B069}.Debug|Any CPU.Build.0 = Debug|Any CPU
		{91F3DEDB-58F8-4ED4-BEB0-06BFD310B069}.Release|Any CPU.ActiveCfg = Release|Any CPU
		{91F3DEDB-58F8-4ED4-BEB0-06BFD310B069}.Release|Any CPU.Build.0 = Release|Any CPU
		{FE3B2594-0C05-4254-9628-FD4A9CCC3EA3}.Debug|Any CPU.ActiveCfg = Debug|Any CPU
		{FE3B2594-0C05-4254-9628-FD4A9CCC3EA3}.Debug|Any CPU.Build.0 = Debug|Any CPU
		{FE3B2594-0C05-4254-9628-FD4A9CCC3EA3}.Release|Any CPU.ActiveCfg = Release|Any CPU
		{FE3B2594-0C05-4254-9628-FD4A9CCC3EA3}.Release|Any CPU.Build.0 = Release|Any CPU
		{8559BECF-038F-4E5F-ABA3-D873D57B52EB}.Debug|Any CPU.ActiveCfg = Debug|Any CPU
		{8559BECF-038F-4E5F-ABA3-D873D57B52EB}.Debug|Any CPU.Build.0 = Debug|Any CPU
		{8559BECF-038F-4E5F-ABA3-D873D57B52EB}.Release|Any CPU.ActiveCfg = Release|Any CPU
		{8559BECF-038F-4E5F-ABA3-D873D57B52EB}.Release|Any CPU.Build.0 = Release|Any CPU
		{948048A5-598B-493E-BA10-5C22570802D1}.Debug|Any CPU.ActiveCfg = Debug|Any CPU
		{948048A5-598B-493E-BA10-5C22570802D1}.Debug|Any CPU.Build.0 = Debug|Any CPU
		{948048A5-598B-493E-BA10-5C22570802D1}.Release|Any CPU.ActiveCfg = Release|Any CPU
		{948048A5-598B-493E-BA10-5C22570802D1}.Release|Any CPU.Build.0 = Release|Any CPU
		{6D625DF0-A187-4DC6-8C98-F4F46AE85F94}.Debug|Any CPU.ActiveCfg = Debug|Any CPU
		{6D625DF0-A187-4DC6-8C98-F4F46AE85F94}.Debug|Any CPU.Build.0 = Debug|Any CPU
		{6D625DF0-A187-4DC6-8C98-F4F46AE85F94}.Release|Any CPU.ActiveCfg = Release|Any CPU
		{6D625DF0-A187-4DC6-8C98-F4F46AE85F94}.Release|Any CPU.Build.0 = Release|Any CPU
		{FA517E42-1875-4E01-B417-E49BA3719C99}.Debug|Any CPU.ActiveCfg = Debug|Any CPU
		{FA517E42-1875-4E01-B417-E49BA3719C99}.Debug|Any CPU.Build.0 = Debug|Any CPU
		{FA517E42-1875-4E01-B417-E49BA3719C99}.Release|Any CPU.ActiveCfg = Release|Any CPU
		{FA517E42-1875-4E01-B417-E49BA3719C99}.Release|Any CPU.Build.0 = Release|Any CPU
		{8F44F6F5-6A70-4FB3-9CCE-6552690D188A}.Debug|Any CPU.ActiveCfg = Debug|Any CPU
		{8F44F6F5-6A70-4FB3-9CCE-6552690D188A}.Debug|Any CPU.Build.0 = Debug|Any CPU
		{8F44F6F5-6A70-4FB3-9CCE-6552690D188A}.Release|Any CPU.ActiveCfg = Release|Any CPU
		{8F44F6F5-6A70-4FB3-9CCE-6552690D188A}.Release|Any CPU.Build.0 = Release|Any CPU
		{F492B076-71E7-4C20-8E15-527DC189784C}.Debug|Any CPU.ActiveCfg = Debug|Any CPU
		{F492B076-71E7-4C20-8E15-527DC189784C}.Debug|Any CPU.Build.0 = Debug|Any CPU
		{F492B076-71E7-4C20-8E15-527DC189784C}.Release|Any CPU.ActiveCfg = Release|Any CPU
		{F492B076-71E7-4C20-8E15-527DC189784C}.Release|Any CPU.Build.0 = Release|Any CPU
	EndGlobalSection
	GlobalSection(SolutionProperties) = preSolution
		HideSolutionNode = FALSE
	EndGlobalSection
	GlobalSection(NestedProjects) = preSolution
		{230472F8-4215-4A9B-AED7-D4E30BFF697E} = {5CD43197-AFCA-4FEA-9740-0B87C7342209}
		{7F189B13-FF8B-4AEA-A6F2-5150FB07C3D8} = {5CD43197-AFCA-4FEA-9740-0B87C7342209}
		{CA498C1E-6E3B-49B2-929C-C95CF0F0EB51} = {5CD43197-AFCA-4FEA-9740-0B87C7342209}
		{8AB724DE-4FBA-44D7-9B9C-A850D20C35F1} = {5CD43197-AFCA-4FEA-9740-0B87C7342209}
		{67CD9FC1-689A-4EA7-AA06-41DB1DA1DEAB} = {5CD43197-AFCA-4FEA-9740-0B87C7342209}
		{59232661-D377-4897-8C5B-99901A9E761A} = {5CD43197-AFCA-4FEA-9740-0B87C7342209}
		{F1F6FC3C-CBF5-4A53-BDDB-118525D9B877} = {5CD43197-AFCA-4FEA-9740-0B87C7342209}
		{35BD7093-7C05-40DD-9184-32B860505A3F} = {5CD43197-AFCA-4FEA-9740-0B87C7342209}
		{64298804-366D-4AA1-A988-A4D4A366033A} = {5CD43197-AFCA-4FEA-9740-0B87C7342209}
		{3D1E78E5-9652-4147-9AF6-87F2B287E879} = {5CD43197-AFCA-4FEA-9740-0B87C7342209}
		{A62AD60E-725C-4A6A-85B7-018A67DDB159} = {5CD43197-AFCA-4FEA-9740-0B87C7342209}
		{C5C7C4B6-E4DC-4B1E-8E03-D9B258BFDA7C} = {5CD43197-AFCA-4FEA-9740-0B87C7342209}
		{1B36F830-3730-42D8-8FE8-651EF65F84CD} = {5CD43197-AFCA-4FEA-9740-0B87C7342209}
		{0CE1A71E-3A9E-416D-8EF3-503C295D4645} = {5CD43197-AFCA-4FEA-9740-0B87C7342209}
		{3462E74B-5ECF-4C37-9496-6B532DFA6009} = {5CD43197-AFCA-4FEA-9740-0B87C7342209}
		{C6818B09-965C-463A-BFFB-BD0F2BBDC297} = {5CD43197-AFCA-4FEA-9740-0B87C7342209}
		{D631F677-B224-4944-B65C-F57B788E85E5} = {5CD43197-AFCA-4FEA-9740-0B87C7342209}
		{0F1CB5FA-2D1D-41F7-918A-1862B6B32C5C} = {5CD43197-AFCA-4FEA-9740-0B87C7342209}
		{2F8CDC0D-BC35-4B69-AE88-D762F218E53F} = {5CD43197-AFCA-4FEA-9740-0B87C7342209}
		{9AD37582-4911-4801-B504-31E0CD5A84BE} = {5CD43197-AFCA-4FEA-9740-0B87C7342209}
		{694E9CBA-9FBF-44C5-A686-C99B19A969FE} = {5CD43197-AFCA-4FEA-9740-0B87C7342209}
		{75083AB4-9472-4D46-BD53-914CFCEB3379} = {F3DE9974-7F30-4081-A531-B425E0F21DF3}
		{151050EB-7FDD-4E42-B72D-51D40DDE1C7F} = {F3DE9974-7F30-4081-A531-B425E0F21DF3}
		{91F3DEDB-58F8-4ED4-BEB0-06BFD310B069} = {F3DE9974-7F30-4081-A531-B425E0F21DF3}
		{FE3B2594-0C05-4254-9628-FD4A9CCC3EA3} = {F3DE9974-7F30-4081-A531-B425E0F21DF3}
		{8559BECF-038F-4E5F-ABA3-D873D57B52EB} = {F3DE9974-7F30-4081-A531-B425E0F21DF3}
		{948048A5-598B-493E-BA10-5C22570802D1} = {F3DE9974-7F30-4081-A531-B425E0F21DF3}
		{6D625DF0-A187-4DC6-8C98-F4F46AE85F94} = {5CD43197-AFCA-4FEA-9740-0B87C7342209}
		{FA517E42-1875-4E01-B417-E49BA3719C99} = {F3DE9974-7F30-4081-A531-B425E0F21DF3}
		{8F44F6F5-6A70-4FB3-9CCE-6552690D188A} = {5CD43197-AFCA-4FEA-9740-0B87C7342209}
		{F492B076-71E7-4C20-8E15-527DC189784C} = {5CD43197-AFCA-4FEA-9740-0B87C7342209}
	EndGlobalSection
	GlobalSection(ExtensibilityGlobals) = postSolution
		SolutionGuid = {C1E81452-0D36-4465-95A4-03F34E6A76AC}
	EndGlobalSection
EndGlobal
